
Microsoft Visual Studio Solution File, Format Version 12.00
# Visual Studio Version 17
VisualStudioVersion = 17.4.33213.308
MinimumVisualStudioVersion = 10.0.40219.1
Project("{FAE04EC0-301F-11D3-BF4B-00C04F79EFBC}") = "49-Interfaces", "49-Interfaces\49-Interfaces.csproj", "{EC025421-7FB5-45DC-94D8-6374FE490CD8}"
EndProject
Global
	GlobalSection(SolutionConfigurationPlatforms) = preSolution
		Debug|Any CPU = Debug|Any CPU
		Release|Any CPU = Release|Any CPU
	EndGlobalSection
	GlobalSection(ProjectConfigurationPlatforms) = postSolution
		{EC025421-7FB5-45DC-94D8-6374FE490CD8}.Debug|Any CPU.ActiveCfg = Debug|Any CPU
		{EC025421-7FB5-45DC-94D8-6374FE490CD8}.Debug|Any CPU.Build.0 = Debug|Any CPU
		{EC025421-7FB5-45DC-94D8-6374FE490CD8}.Release|Any CPU.ActiveCfg = Release|Any CPU
		{EC025421-7FB5-45DC-94D8-6374FE490CD8}.Release|Any CPU.Build.0 = Release|Any CPU
	EndGlobalSection
	GlobalSection(SolutionProperties) = preSolution
		HideSolutionNode = FALSE
	EndGlobalSection
	GlobalSection(ExtensibilityGlobals) = postSolution
		SolutionGuid = {AD44DD62-78F3-431E-ABA5-37F09EEF856E}
	EndGlobalSection
EndGlobal
