
Microsoft Visual Studio Solution File, Format Version 12.00
# Visual Studio Version 17
VisualStudioVersion = 17.4.33213.308
MinimumVisualStudioVersion = 10.0.40219.1
Project("{9A19103F-16F7-4668-BE54-9A1E7A4F7556}") = "66.WebApi_Cars", "API\66.WebApi_Cars.csproj", "{BF5E1687-4B82-474B-8196-C76A12C1CB0D}"
EndProject
Project("{9A19103F-16F7-4668-BE54-9A1E7A4F7556}") = "DataAccess", "DataAccess\DataAccess.csproj", "{1E4959BF-7C2B-4D30-87C2-49B8CA36B2FB}"
EndProject
Project("{9A19103F-16F7-4668-BE54-9A1E7A4F7556}") = "Entities", "Entities\Entities.csproj", "{5AA77B17-226B-40D5-A06F-671DB6862A91}"
EndProject
Global
	GlobalSection(SolutionConfigurationPlatforms) = preSolution
		Debug|Any CPU = Debug|Any CPU
		Release|Any CPU = Release|Any CPU
	EndGlobalSection
	GlobalSection(ProjectConfigurationPlatforms) = postSolution
		{BF5E1687-4B82-474B-8196-C76A12C1CB0D}.Debug|Any CPU.ActiveCfg = Debug|Any CPU
		{BF5E1687-4B82-474B-8196-C76A12C1CB0D}.Debug|Any CPU.Build.0 = Debug|Any CPU
		{BF5E1687-4B82-474B-8196-C76A12C1CB0D}.Release|Any CPU.ActiveCfg = Release|Any CPU
		{BF5E1687-4B82-474B-8196-C76A12C1CB0D}.Release|Any CPU.Build.0 = Release|Any CPU
		{1E4959BF-7C2B-4D30-87C2-49B8CA36B2FB}.Debug|Any CPU.ActiveCfg = Debug|Any CPU
		{1E4959BF-7C2B-4D30-87C2-49B8CA36B2FB}.Debug|Any CPU.Build.0 = Debug|Any CPU
		{1E4959BF-7C2B-4D30-87C2-49B8CA36B2FB}.Release|Any CPU.ActiveCfg = Release|Any CPU
		{1E4959BF-7C2B-4D30-87C2-49B8CA36B2FB}.Release|Any CPU.Build.0 = Release|Any CPU
		{5AA77B17-226B-40D5-A06F-671DB6862A91}.Debug|Any CPU.ActiveCfg = Debug|Any CPU
		{5AA77B17-226B-40D5-A06F-671DB6862A91}.Debug|Any CPU.Build.0 = Debug|Any CPU
		{5AA77B17-226B-40D5-A06F-671DB6862A91}.Release|Any CPU.ActiveCfg = Release|Any CPU
		{5AA77B17-226B-40D5-A06F-671DB6862A91}.Release|Any CPU.Build.0 = Release|Any CPU
	EndGlobalSection
	GlobalSection(SolutionProperties) = preSolution
		HideSolutionNode = FALSE
	EndGlobalSection
	GlobalSection(ExtensibilityGlobals) = postSolution
		SolutionGuid = {E0457A50-9C2D-4053-98B3-140DD5850030}
	EndGlobalSection
EndGlobal
